
Microsoft Visual Studio Solution File, Format Version 12.00
# Visual Studio Version 16
VisualStudioVersion = 16.0.29102.190
MinimumVisualStudioVersion = 10.0.40219.1
Project("{FAE04EC0-301F-11D3-BF4B-00C04F79EFBC}") = "ConsoleApp3", "ConsoleApp3\ConsoleApp3.csproj", "{EF1E645F-3FD2-45CE-AB37-49044A33E705}"
EndProject
Global
	GlobalSection(SolutionConfigurationPlatforms) = preSolution
		Debug|Any CPU = Debug|Any CPU
		Release|Any CPU = Release|Any CPU
	EndGlobalSection
	GlobalSection(ProjectConfigurationPlatforms) = postSolution
		{EF1E645F-3FD2-45CE-AB37-49044A33E705}.Debug|Any CPU.ActiveCfg = Debug|Any CPU
		{EF1E645F-3FD2-45CE-AB37-49044A33E705}.Debug|Any CPU.Build.0 = Debug|Any CPU
		{EF1E645F-3FD2-45CE-AB37-49044A33E705}.Release|Any CPU.ActiveCfg = Release|Any CPU
		{EF1E645F-3FD2-45CE-AB37-49044A33E705}.Release|Any CPU.Build.0 = Release|Any CPU
	EndGlobalSection
	GlobalSection(SolutionProperties) = preSolution
		HideSolutionNode = FALSE
	EndGlobalSection
	GlobalSection(ExtensibilityGlobals) = postSolution
		SolutionGuid = {8E82746A-9C89-47AA-AEB4-2A050FAE14E0}
	EndGlobalSection
EndGlobal
